
Microsoft Visual Studio Solution File, Format Version 12.00
# Visual Studio Version 17
VisualStudioVersion = 17.2.32519.379
MinimumVisualStudioVersion = 10.0.40219.1
Project("{FAE04EC0-301F-11D3-BF4B-00C04F79EFBC}") = "Zapisnay knijka", "Zapisnay knijka\Zapisnay knijka.csproj", "{55DC4A16-8EF4-4B66-A34C-055F8953E328}"
EndProject
Global
	GlobalSection(SolutionConfigurationPlatforms) = preSolution
		Debug|Any CPU = Debug|Any CPU
		Release|Any CPU = Release|Any CPU
	EndGlobalSection
	GlobalSection(ProjectConfigurationPlatforms) = postSolution
		{55DC4A16-8EF4-4B66-A34C-055F8953E328}.Debug|Any CPU.ActiveCfg = Debug|Any CPU
		{55DC4A16-8EF4-4B66-A34C-055F8953E328}.Debug|Any CPU.Build.0 = Debug|Any CPU
		{55DC4A16-8EF4-4B66-A34C-055F8953E328}.Release|Any CPU.ActiveCfg = Release|Any CPU
		{55DC4A16-8EF4-4B66-A34C-055F8953E328}.Release|Any CPU.Build.0 = Release|Any CPU
	EndGlobalSection
	GlobalSection(SolutionProperties) = preSolution
		HideSolutionNode = FALSE
	EndGlobalSection
	GlobalSection(ExtensibilityGlobals) = postSolution
		SolutionGuid = {B5D4FDD5-0302-443A-8603-612E625699F4}
	EndGlobalSection
EndGlobal
